
Microsoft Visual Studio Solution File, Format Version 12.00
# Visual Studio Version 17
VisualStudioVersion = 17.0.31912.275
MinimumVisualStudioVersion = 10.0.40219.1
Project("{FAE04EC0-301F-11D3-BF4B-00C04F79EFBC}") = "NeuralNetworkManager.RestApi", "src\NeuralNetworkManager.RestApi\NeuralNetworkManager.RestApi.csproj", "{0AC7C0CC-3D9A-4B8A-B3C2-6F8B738BAC89}"
EndProject
Project("{2150E333-8FDC-42A3-9474-1A3956D46DE8}") = "src", "src", "{BAC05939-E6F9-429D-AF19-90DE7F638548}"
EndProject
Project("{FAE04EC0-301F-11D3-BF4B-00C04F79EFBC}") = "NeuralNetworkManager.Services", "src\NeuralNetworkManager.Services\NeuralNetworkManager.Services.csproj", "{A777DC58-2286-4205-9FA9-CD0EDCBB29E0}"
EndProject
Project("{FAE04EC0-301F-11D3-BF4B-00C04F79EFBC}") = "NeuralNetworkManager.Repositories", "src\NeuralNetworkManager.Repositories\NeuralNetworkManager.Repositories.csproj", "{D73B7D67-3D08-46C0-B363-707AECE1B027}"
EndProject
Global
	GlobalSection(SolutionConfigurationPlatforms) = preSolution
		Debug|Any CPU = Debug|Any CPU
		Release|Any CPU = Release|Any CPU
	EndGlobalSection
	GlobalSection(ProjectConfigurationPlatforms) = postSolution
		{0AC7C0CC-3D9A-4B8A-B3C2-6F8B738BAC89}.Debug|Any CPU.ActiveCfg = Debug|Any CPU
		{0AC7C0CC-3D9A-4B8A-B3C2-6F8B738BAC89}.Debug|Any CPU.Build.0 = Debug|Any CPU
		{0AC7C0CC-3D9A-4B8A-B3C2-6F8B738BAC89}.Release|Any CPU.ActiveCfg = Release|Any CPU
		{0AC7C0CC-3D9A-4B8A-B3C2-6F8B738BAC89}.Release|Any CPU.Build.0 = Release|Any CPU
		{A777DC58-2286-4205-9FA9-CD0EDCBB29E0}.Debug|Any CPU.ActiveCfg = Debug|Any CPU
		{A777DC58-2286-4205-9FA9-CD0EDCBB29E0}.Debug|Any CPU.Build.0 = Debug|Any CPU
		{A777DC58-2286-4205-9FA9-CD0EDCBB29E0}.Release|Any CPU.ActiveCfg = Release|Any CPU
		{A777DC58-2286-4205-9FA9-CD0EDCBB29E0}.Release|Any CPU.Build.0 = Release|Any CPU
		{D73B7D67-3D08-46C0-B363-707AECE1B027}.Debug|Any CPU.ActiveCfg = Debug|Any CPU
		{D73B7D67-3D08-46C0-B363-707AECE1B027}.Debug|Any CPU.Build.0 = Debug|Any CPU
		{D73B7D67-3D08-46C0-B363-707AECE1B027}.Release|Any CPU.ActiveCfg = Release|Any CPU
		{D73B7D67-3D08-46C0-B363-707AECE1B027}.Release|Any CPU.Build.0 = Release|Any CPU
	EndGlobalSection
	GlobalSection(SolutionProperties) = preSolution
		HideSolutionNode = FALSE
	EndGlobalSection
	GlobalSection(NestedProjects) = preSolution
		{0AC7C0CC-3D9A-4B8A-B3C2-6F8B738BAC89} = {BAC05939-E6F9-429D-AF19-90DE7F638548}
		{A777DC58-2286-4205-9FA9-CD0EDCBB29E0} = {BAC05939-E6F9-429D-AF19-90DE7F638548}
		{D73B7D67-3D08-46C0-B363-707AECE1B027} = {BAC05939-E6F9-429D-AF19-90DE7F638548}
	EndGlobalSection
	GlobalSection(ExtensibilityGlobals) = postSolution
		SolutionGuid = {2C89661D-CC5C-4C57-8511-81DFE148493C}
	EndGlobalSection
EndGlobal
